
Microsoft Visual Studio Solution File, Format Version 12.00
# Visual Studio Version 16
VisualStudioVersion = 16.0.30011.22
MinimumVisualStudioVersion = 10.0.40219.1
Project("{FAE04EC0-301F-11D3-BF4B-00C04F79EFBC}") = "AccountingSystem.Web", "AccountingSystem.Web\AccountingSystem.Web.csproj", "{FF4F29A3-5FA1-40FB-9FA8-B57716977126}"
EndProject
Project("{FAE04EC0-301F-11D3-BF4B-00C04F79EFBC}") = "AccountingSystem.Service", "AccountingSystem.Service\AccountingSystem.Service.csproj", "{77B9CA35-DD19-4019-A1DF-BC7A7691E666}"
EndProject
Project("{FAE04EC0-301F-11D3-BF4B-00C04F79EFBC}") = "AccountingSystem.Core", "AccountingSystem.Core\AccountingSystem.Core.csproj", "{1FED712F-91EE-4585-9EE0-6C66F9AF9FFD}"
EndProject
Project("{FAE04EC0-301F-11D3-BF4B-00C04F79EFBC}") = "AccountingSystem.Infrastructure", "AccountingSystem.Infrastructure\AccountingSystem.Infrastructure.csproj", "{201851F1-22FF-463B-9C5A-8054C7AF45BA}"
EndProject
Project("{FAE04EC0-301F-11D3-BF4B-00C04F79EFBC}") = "TestFeatsures", "TestFeatsures\TestFeatsures.csproj", "{7E454306-6CFD-4A32-9412-B8A9786A4BAD}"
EndProject
Global
	GlobalSection(SolutionConfigurationPlatforms) = preSolution
		Debug|Any CPU = Debug|Any CPU
		Release|Any CPU = Release|Any CPU
	EndGlobalSection
	GlobalSection(ProjectConfigurationPlatforms) = postSolution
		{FF4F29A3-5FA1-40FB-9FA8-B57716977126}.Debug|Any CPU.ActiveCfg = Debug|Any CPU
		{FF4F29A3-5FA1-40FB-9FA8-B57716977126}.Debug|Any CPU.Build.0 = Debug|Any CPU
		{FF4F29A3-5FA1-40FB-9FA8-B57716977126}.Release|Any CPU.ActiveCfg = Release|Any CPU
		{FF4F29A3-5FA1-40FB-9FA8-B57716977126}.Release|Any CPU.Build.0 = Release|Any CPU
		{77B9CA35-DD19-4019-A1DF-BC7A7691E666}.Debug|Any CPU.ActiveCfg = Debug|Any CPU
		{77B9CA35-DD19-4019-A1DF-BC7A7691E666}.Debug|Any CPU.Build.0 = Debug|Any CPU
		{77B9CA35-DD19-4019-A1DF-BC7A7691E666}.Release|Any CPU.ActiveCfg = Release|Any CPU
		{77B9CA35-DD19-4019-A1DF-BC7A7691E666}.Release|Any CPU.Build.0 = Release|Any CPU
		{1FED712F-91EE-4585-9EE0-6C66F9AF9FFD}.Debug|Any CPU.ActiveCfg = Debug|Any CPU
		{1FED712F-91EE-4585-9EE0-6C66F9AF9FFD}.Debug|Any CPU.Build.0 = Debug|Any CPU
		{1FED712F-91EE-4585-9EE0-6C66F9AF9FFD}.Release|Any CPU.ActiveCfg = Release|Any CPU
		{1FED712F-91EE-4585-9EE0-6C66F9AF9FFD}.Release|Any CPU.Build.0 = Release|Any CPU
		{201851F1-22FF-463B-9C5A-8054C7AF45BA}.Debug|Any CPU.ActiveCfg = Debug|Any CPU
		{201851F1-22FF-463B-9C5A-8054C7AF45BA}.Debug|Any CPU.Build.0 = Debug|Any CPU
		{201851F1-22FF-463B-9C5A-8054C7AF45BA}.Release|Any CPU.ActiveCfg = Release|Any CPU
		{201851F1-22FF-463B-9C5A-8054C7AF45BA}.Release|Any CPU.Build.0 = Release|Any CPU
		{7E454306-6CFD-4A32-9412-B8A9786A4BAD}.Debug|Any CPU.ActiveCfg = Debug|Any CPU
		{7E454306-6CFD-4A32-9412-B8A9786A4BAD}.Debug|Any CPU.Build.0 = Debug|Any CPU
		{7E454306-6CFD-4A32-9412-B8A9786A4BAD}.Release|Any CPU.ActiveCfg = Release|Any CPU
		{7E454306-6CFD-4A32-9412-B8A9786A4BAD}.Release|Any CPU.Build.0 = Release|Any CPU
	EndGlobalSection
	GlobalSection(SolutionProperties) = preSolution
		HideSolutionNode = FALSE
	EndGlobalSection
	GlobalSection(ExtensibilityGlobals) = postSolution
		SolutionGuid = {8E236F3C-CB52-4066-9D17-3BBE335D3A33}
	EndGlobalSection
EndGlobal
